
Microsoft Visual Studio Solution File, Format Version 12.00
# Visual Studio 15
VisualStudioVersion = 15.0.28010.2050
MinimumVisualStudioVersion = 10.0.40219.1
Project("{FAE04EC0-301F-11D3-BF4B-00C04F79EFBC}") = "Test2018", "Test2018\Test2018.csproj", "{C719586E-2C55-420A-AAC1-EB058216DD72}"
EndProject
Global
	GlobalSection(SolutionConfigurationPlatforms) = preSolution
		Debug|Any CPU = Debug|Any CPU
		Release|Any CPU = Release|Any CPU
	EndGlobalSection
	GlobalSection(ProjectConfigurationPlatforms) = postSolution
		{C719586E-2C55-420A-AAC1-EB058216DD72}.Debug|Any CPU.ActiveCfg = Debug|Any CPU
		{C719586E-2C55-420A-AAC1-EB058216DD72}.Debug|Any CPU.Build.0 = Debug|Any CPU
		{C719586E-2C55-420A-AAC1-EB058216DD72}.Release|Any CPU.ActiveCfg = Release|Any CPU
		{C719586E-2C55-420A-AAC1-EB058216DD72}.Release|Any CPU.Build.0 = Release|Any CPU
	EndGlobalSection
	GlobalSection(SolutionProperties) = preSolution
		HideSolutionNode = FALSE
	EndGlobalSection
	GlobalSection(ExtensibilityGlobals) = postSolution
		SolutionGuid = {5D20709A-5BDF-4279-B3CD-AB55930DE72E}
	EndGlobalSection
EndGlobal
